{
	"name": "@joelek/certhero",
	"version": "0.0.0",
	"lockfileVersion": 1,
	"requires": true,
	"dependencies": {
		"@joelek/ts-autoguard": {
			"version": "github:joelek/ts-autoguard#e2c151c00a1d721799f3d2dce0fbcdb757ee0e14",
			"from": "github:joelek/ts-autoguard",
			"requires": {
				"@joelek/ts-stdlib": "github:joelek/ts-stdlib",
				"@types/node": "^13",
				"typescript": "^3"
			}
		},
		"@joelek/ts-stdlib": {
			"version": "github:joelek/ts-stdlib#c974a689b4c0b0b6ade0015f25cef718ec23e318",
			"from": "github:joelek/ts-stdlib",
			"requires": {
				"@types/node": "^13",
				"typescript": "^3"
			}
		},
		"@types/node": {
			"version": "13.7.7",
			"resolved": "https://registry.npmjs.org/@types/node/-/node-13.7.7.tgz",
			"integrity": "sha512-Uo4chgKbnPNlxQwoFmYIwctkQVkMMmsAoGGU4JKwLuvBefF0pCq4FybNSnfkfRCpC7ZW7kttcC/TrRtAJsvGtg=="
		},
		"typescript": {
			"version": "3.8.3",
			"resolved": "https://registry.npmjs.org/typescript/-/typescript-3.8.3.tgz",
			"integrity": "sha512-MYlEfn5VrLNsgudQTVJeNaQFUAI7DkhnOjdpAp4T+ku1TfQClewlbSuTVHiA+8skNBgaf02TL/kLOvig4y3G8w=="
		}
	}
}
