{
	"name": "@joelek/multipass",
	"version": "1.0.4",
	"lockfileVersion": 2,
	"requires": true,
	"packages": {
		"": {
			"name": "@joelek/multipass",
			"version": "1.0.4",
			"license": "MIT",
			"dependencies": {
				"@joelek/ts-autoguard": "github:joelek/ts-autoguard#semver:^5.11"
			},
			"bin": {
				"multipass": "dist/cli/index.bundle.js"
			},
			"devDependencies": {
				"@joelek/ts-bundle": "github:joelek/ts-bundle#semver:^1.1",
				"@types/node": "^16.7",
				"typescript": "^4.4"
			}
		},
		"node_modules/@joelek/bedrock": {
			"version": "0.6.2",
			"resolved": "git+ssh://git@github.com/joelek/bedrock.git#2bf6a660a80a3be81729d8ff076e9b124d39c600",
			"license": "MIT"
		},
		"node_modules/@joelek/ts-autoguard": {
			"version": "5.12.0",
			"resolved": "git+ssh://git@github.com/joelek/ts-autoguard.git#3efde28b0f2288595ff7c9835eaed29f6e1f3abf",
			"license": "MIT",
			"dependencies": {
				"@joelek/bedrock": "github:joelek/bedrock#semver:^0.6",
				"@joelek/ts-stdlib": "github:joelek/ts-stdlib#semver:^1.0"
			},
			"bin": {
				"autoguard": "dist/cli/index.js"
			}
		},
		"node_modules/@joelek/ts-bundle": {
			"version": "1.2.1",
			"resolved": "git+ssh://git@github.com/joelek/ts-bundle.git#1c629508d1b1cfa7d83351f1a57ba61052a4b85d",
			"dev": true,
			"license": "MIT",
			"dependencies": {
				"typescript": "^4.4"
			},
			"bin": {
				"tsb": "dist/cli.js"
			}
		},
		"node_modules/@joelek/ts-stdlib": {
			"version": "1.2.2",
			"resolved": "git+ssh://git@github.com/joelek/ts-stdlib.git#ed82e7da2c524c53e2ad596a960552378da90144",
			"license": "MIT"
		},
		"node_modules/@types/node": {
			"version": "16.11.66",
			"resolved": "https://registry.npmjs.org/@types/node/-/node-16.11.66.tgz",
			"integrity": "sha512-+xvMrGl3eAygKcf5jm+4zA4tbfEgmKM9o6/glTmN0RFVdu2VuFXMYYtRmuv3zTGCgAYMnEZLde3B7BTp+Yxcig==",
			"dev": true
		},
		"node_modules/typescript": {
			"version": "4.8.4",
			"resolved": "https://registry.npmjs.org/typescript/-/typescript-4.8.4.tgz",
			"integrity": "sha512-QCh+85mCy+h0IGff8r5XWzOVSbBO+KfeYrMQh7NJ58QujwcE22u+NUSmUxqF+un70P9GXKxa2HCNiTTMJknyjQ==",
			"dev": true,
			"bin": {
				"tsc": "bin/tsc",
				"tsserver": "bin/tsserver"
			},
			"engines": {
				"node": ">=4.2.0"
			}
		}
	},
	"dependencies": {
		"@joelek/bedrock": {
			"version": "git+ssh://git@github.com/joelek/bedrock.git#2bf6a660a80a3be81729d8ff076e9b124d39c600",
			"from": "@joelek/bedrock@github:joelek/bedrock#semver:^0.6"
		},
		"@joelek/ts-autoguard": {
			"version": "git+ssh://git@github.com/joelek/ts-autoguard.git#3efde28b0f2288595ff7c9835eaed29f6e1f3abf",
			"from": "@joelek/ts-autoguard@github:joelek/ts-autoguard#semver:^5.11",
			"requires": {
				"@joelek/bedrock": "github:joelek/bedrock#semver:^0.6",
				"@joelek/ts-stdlib": "github:joelek/ts-stdlib#semver:^1.0"
			}
		},
		"@joelek/ts-bundle": {
			"version": "git+ssh://git@github.com/joelek/ts-bundle.git#1c629508d1b1cfa7d83351f1a57ba61052a4b85d",
			"dev": true,
			"from": "@joelek/ts-bundle@github:joelek/ts-bundle#semver:^1.1",
			"requires": {
				"typescript": "^4.4"
			}
		},
		"@joelek/ts-stdlib": {
			"version": "git+ssh://git@github.com/joelek/ts-stdlib.git#ed82e7da2c524c53e2ad596a960552378da90144",
			"from": "@joelek/ts-stdlib@github:joelek/ts-stdlib#semver:^1.0"
		},
		"@types/node": {
			"version": "16.11.66",
			"resolved": "https://registry.npmjs.org/@types/node/-/node-16.11.66.tgz",
			"integrity": "sha512-+xvMrGl3eAygKcf5jm+4zA4tbfEgmKM9o6/glTmN0RFVdu2VuFXMYYtRmuv3zTGCgAYMnEZLde3B7BTp+Yxcig==",
			"dev": true
		},
		"typescript": {
			"version": "4.8.4",
			"resolved": "https://registry.npmjs.org/typescript/-/typescript-4.8.4.tgz",
			"integrity": "sha512-QCh+85mCy+h0IGff8r5XWzOVSbBO+KfeYrMQh7NJ58QujwcE22u+NUSmUxqF+un70P9GXKxa2HCNiTTMJknyjQ==",
			"dev": true
		}
	}
}
