{
	"name": "@joelek/certhero",
	"version": "0.0.0",
	"lockfileVersion": 2,
	"requires": true,
	"packages": {
		"": {
			"name": "@joelek/certhero",
			"version": "0.0.0",
			"license": "MIT",
			"dependencies": {
				"@joelek/ts-autoguard": "github:joelek/ts-autoguard#semver:^5.8"
			},
			"bin": {
				"certhero": "dist/cli/index.js"
			},
			"devDependencies": {
				"@types/node": "^16.7",
				"typescript": "^4.4"
			}
		},
		"node_modules/@joelek/ts-autoguard": {
			"version": "5.8.1",
			"resolved": "git+ssh://git@github.com/joelek/ts-autoguard.git#e25c2417a198aabf027734c4ba5651e741d0db29",
			"license": "MIT",
			"dependencies": {
				"@joelek/ts-stdlib": "github:joelek/ts-stdlib#semver:^1.0"
			},
			"bin": {
				"autoguard": "dist/cli/index.js"
			}
		},
		"node_modules/@joelek/ts-stdlib": {
			"version": "1.0.3",
			"resolved": "git+ssh://git@github.com/joelek/ts-stdlib.git#939a38a09ae505987ce2b384dff5207e48ae3b6a",
			"license": "MIT"
		},
		"node_modules/@types/node": {
			"version": "16.7.2",
			"resolved": "https://registry.npmjs.org/@types/node/-/node-16.7.2.tgz",
			"integrity": "sha512-TbG4TOx9hng8FKxaVrCisdaxKxqEwJ3zwHoCWXZ0Jw6mnvTInpaB99/2Cy4+XxpXtjNv9/TgfGSvZFyfV/t8Fw==",
			"dev": true
		},
		"node_modules/typescript": {
			"version": "4.4.2",
			"resolved": "https://registry.npmjs.org/typescript/-/typescript-4.4.2.tgz",
			"integrity": "sha512-gzP+t5W4hdy4c+68bfcv0t400HVJMMd2+H9B7gae1nQlBzCqvrXX+6GL/b3GAgyTH966pzrZ70/fRjwAtZksSQ==",
			"dev": true,
			"bin": {
				"tsc": "bin/tsc",
				"tsserver": "bin/tsserver"
			},
			"engines": {
				"node": ">=4.2.0"
			}
		}
	},
	"dependencies": {
		"@joelek/ts-autoguard": {
			"version": "git+ssh://git@github.com/joelek/ts-autoguard.git#e25c2417a198aabf027734c4ba5651e741d0db29",
			"from": "@joelek/ts-autoguard@github:joelek/ts-autoguard#semver:^5.8",
			"requires": {
				"@joelek/ts-stdlib": "github:joelek/ts-stdlib#semver:^1.0"
			}
		},
		"@joelek/ts-stdlib": {
			"version": "git+ssh://git@github.com/joelek/ts-stdlib.git#939a38a09ae505987ce2b384dff5207e48ae3b6a",
			"from": "@joelek/ts-stdlib@github:joelek/ts-stdlib#semver:^1.0"
		},
		"@types/node": {
			"version": "16.7.2",
			"resolved": "https://registry.npmjs.org/@types/node/-/node-16.7.2.tgz",
			"integrity": "sha512-TbG4TOx9hng8FKxaVrCisdaxKxqEwJ3zwHoCWXZ0Jw6mnvTInpaB99/2Cy4+XxpXtjNv9/TgfGSvZFyfV/t8Fw==",
			"dev": true
		},
		"typescript": {
			"version": "4.4.2",
			"resolved": "https://registry.npmjs.org/typescript/-/typescript-4.4.2.tgz",
			"integrity": "sha512-gzP+t5W4hdy4c+68bfcv0t400HVJMMd2+H9B7gae1nQlBzCqvrXX+6GL/b3GAgyTH966pzrZ70/fRjwAtZksSQ==",
			"dev": true
		}
	}
}
